
Microsoft Visual Studio Solution File, Format Version 12.00
# Visual Studio 15
Project("{FAE04EC0-301F-11D3-BF4B-00C04F79EFBC}") = "Assembly-CSharp", "Assembly-CSharp.csproj", "{DC6D4282-1F02-23C2-8AF3-1E176B722CEB}"
EndProject
Project("{FAE04EC0-301F-11D3-BF4B-00C04F79EFBC}") = "Assembly-CSharp-Editor", "Assembly-CSharp-Editor.csproj", "{C25582E6-C8DC-A813-2478-EC029778FBEA}"
EndProject
Project("{FAE04EC0-301F-11D3-BF4B-00C04F79EFBC}") = "OccaSoftware.Crosshairs.Editor", "OccaSoftware.Crosshairs.Editor.csproj", "{C9B77C3B-C3AE-2225-FBA0-41ED5DDC0883}"
EndProject
Global
	GlobalSection(SolutionConfigurationPlatforms) = preSolution
		Debug|Any CPU = Debug|Any CPU
		Release|Any CPU = Release|Any CPU
	EndGlobalSection
	GlobalSection(ProjectConfigurationPlatforms) = postSolution
		{DC6D4282-1F02-23C2-8AF3-1E176B722CEB}.Debug|Any CPU.ActiveCfg = Debug|Any CPU
		{DC6D4282-1F02-23C2-8AF3-1E176B722CEB}.Debug|Any CPU.Build.0 = Debug|Any CPU
		{DC6D4282-1F02-23C2-8AF3-1E176B722CEB}.Release|Any CPU.ActiveCfg = Release|Any CPU
		{DC6D4282-1F02-23C2-8AF3-1E176B722CEB}.Release|Any CPU.Build.0 = Release|Any CPU
		{C25582E6-C8DC-A813-2478-EC029778FBEA}.Debug|Any CPU.ActiveCfg = Debug|Any CPU
		{C25582E6-C8DC-A813-2478-EC029778FBEA}.Debug|Any CPU.Build.0 = Debug|Any CPU
		{C25582E6-C8DC-A813-2478-EC029778FBEA}.Release|Any CPU.ActiveCfg = Release|Any CPU
		{C25582E6-C8DC-A813-2478-EC029778FBEA}.Release|Any CPU.Build.0 = Release|Any CPU
		{C9B77C3B-C3AE-2225-FBA0-41ED5DDC0883}.Debug|Any CPU.ActiveCfg = Debug|Any CPU
		{C9B77C3B-C3AE-2225-FBA0-41ED5DDC0883}.Debug|Any CPU.Build.0 = Debug|Any CPU
		{C9B77C3B-C3AE-2225-FBA0-41ED5DDC0883}.Release|Any CPU.ActiveCfg = Release|Any CPU
		{C9B77C3B-C3AE-2225-FBA0-41ED5DDC0883}.Release|Any CPU.Build.0 = Release|Any CPU
	EndGlobalSection
	GlobalSection(SolutionProperties) = preSolution
		HideSolutionNode = FALSE
	EndGlobalSection
EndGlobal
